// !$*UTF8*$!
{
	archiveVersion = 1;
	classes = {
	};
	objectVersion = 55;
	objects = {

/* Begin PBXBuildFile section */
		980572CD28281112004A989B /* ProfilePostHeaderView.swift in Sources */ = {isa = PBXBuildFile; fileRef = 980572CC28281112004A989B /* ProfilePostHeaderView.swift */; };
		980572CF28281DEF004A989B /* PostPreview.swift in Sources */ = {isa = PBXBuildFile; fileRef = 980572CE28281DEF004A989B /* PostPreview.swift */; };
		980572D1282824C2004A989B /* PostPreviewViewCell.swift in Sources */ = {isa = PBXBuildFile; fileRef = 980572D0282824C2004A989B /* PostPreviewViewCell.swift */; };
		980572D32828325E004A989B /* UIView+Extension.swift in Sources */ = {isa = PBXBuildFile; fileRef = 980572D22828325E004A989B /* UIView+Extension.swift */; };
		983885FC282ADA3F00FE381E /* LoginViewController.swift in Sources */ = {isa = PBXBuildFile; fileRef = 983885FB282ADA3F00FE381E /* LoginViewController.swift */; };
		9862C8D92814D89C009E08FE /* AppDelegate.swift in Sources */ = {isa = PBXBuildFile; fileRef = 9862C8D82814D89C009E08FE /* AppDelegate.swift */; };
		9862C8DB2814D89C009E08FE /* SceneDelegate.swift in Sources */ = {isa = PBXBuildFile; fileRef = 9862C8DA2814D89C009E08FE /* SceneDelegate.swift */; };
		9862C8E22814D89D009E08FE /* Assets.xcassets in Resources */ = {isa = PBXBuildFile; fileRef = 9862C8E12814D89D009E08FE /* Assets.xcassets */; };
		9862C8E52814D89D009E08FE /* LaunchScreen.storyboard in Resources */ = {isa = PBXBuildFile; fileRef = 9862C8E32814D89D009E08FE /* LaunchScreen.storyboard */; };
		9862C8ED2814DB3A009E08FE /* MainUITabBarController.swift in Sources */ = {isa = PBXBuildFile; fileRef = 9862C8EC2814DB3A009E08FE /* MainUITabBarController.swift */; };
		9862C8EF2814DB73009E08FE /* PostViewController.swift in Sources */ = {isa = PBXBuildFile; fileRef = 9862C8EE2814DB73009E08FE /* PostViewController.swift */; };
		9862C8F12814DB92009E08FE /* InfoViewController.swift in Sources */ = {isa = PBXBuildFile; fileRef = 9862C8F02814DB92009E08FE /* InfoViewController.swift */; };
		9862C8F32814DBAC009E08FE /* FeedViewController.swift in Sources */ = {isa = PBXBuildFile; fileRef = 9862C8F22814DBAC009E08FE /* FeedViewController.swift */; };
		9862C8F52814DBC9009E08FE /* ProfileViewController.swift in Sources */ = {isa = PBXBuildFile; fileRef = 9862C8F42814DBC9009E08FE /* ProfileViewController.swift */; };
		9862C8F82814DCE6009E08FE /* ProfileHeaderView.swift in Sources */ = {isa = PBXBuildFile; fileRef = 9862C8F72814DCE6009E08FE /* ProfileHeaderView.swift */; };
/* End PBXBuildFile section */

/* Begin PBXFileReference section */
		980572CC28281112004A989B /* ProfilePostHeaderView.swift */ = {isa = PBXFileReference; lastKnownFileType = sourcecode.swift; path = ProfilePostHeaderView.swift; sourceTree = "<group>"; };
		980572CE28281DEF004A989B /* PostPreview.swift */ = {isa = PBXFileReference; lastKnownFileType = sourcecode.swift; path = PostPreview.swift; sourceTree = "<group>"; };
		980572D0282824C2004A989B /* PostPreviewViewCell.swift */ = {isa = PBXFileReference; lastKnownFileType = sourcecode.swift; path = PostPreviewViewCell.swift; sourceTree = "<group>"; };
		980572D22828325E004A989B /* UIView+Extension.swift */ = {isa = PBXFileReference; lastKnownFileType = sourcecode.swift; path = "UIView+Extension.swift"; sourceTree = "<group>"; };
		983885FB282ADA3F00FE381E /* LoginViewController.swift */ = {isa = PBXFileReference; lastKnownFileType = sourcecode.swift; path = LoginViewController.swift; sourceTree = "<group>"; };
		9862C8D52814D89C009E08FE /* Navigation.app */ = {isa = PBXFileReference; explicitFileType = wrapper.application; includeInIndex = 0; path = Navigation.app; sourceTree = BUILT_PRODUCTS_DIR; };
		9862C8D82814D89C009E08FE /* AppDelegate.swift */ = {isa = PBXFileReference; lastKnownFileType = sourcecode.swift; path = AppDelegate.swift; sourceTree = "<group>"; };
		9862C8DA2814D89C009E08FE /* SceneDelegate.swift */ = {isa = PBXFileReference; lastKnownFileType = sourcecode.swift; path = SceneDelegate.swift; sourceTree = "<group>"; };
		9862C8E12814D89D009E08FE /* Assets.xcassets */ = {isa = PBXFileReference; lastKnownFileType = folder.assetcatalog; path = Assets.xcassets; sourceTree = "<group>"; };
		9862C8E42814D89D009E08FE /* Base */ = {isa = PBXFileReference; lastKnownFileType = file.storyboard; name = Base; path = Base.lproj/LaunchScreen.storyboard; sourceTree = "<group>"; };
		9862C8E62814D89D009E08FE /* Info.plist */ = {isa = PBXFileReference; lastKnownFileType = text.plist.xml; path = Info.plist; sourceTree = "<group>"; };
		9862C8EC2814DB3A009E08FE /* MainUITabBarController.swift */ = {isa = PBXFileReference; lastKnownFileType = sourcecode.swift; path = MainUITabBarController.swift; sourceTree = "<group>"; };
		9862C8EE2814DB73009E08FE /* PostViewController.swift */ = {isa = PBXFileReference; lastKnownFileType = sourcecode.swift; path = PostViewController.swift; sourceTree = "<group>"; };
		9862C8F02814DB92009E08FE /* InfoViewController.swift */ = {isa = PBXFileReference; lastKnownFileType = sourcecode.swift; path = InfoViewController.swift; sourceTree = "<group>"; };
		9862C8F22814DBAC009E08FE /* FeedViewController.swift */ = {isa = PBXFileReference; lastKnownFileType = sourcecode.swift; path = FeedViewController.swift; sourceTree = "<group>"; };
		9862C8F42814DBC9009E08FE /* ProfileViewController.swift */ = {isa = PBXFileReference; lastKnownFileType = sourcecode.swift; path = ProfileViewController.swift; sourceTree = "<group>"; };
		9862C8F72814DCE6009E08FE /* ProfileHeaderView.swift */ = {isa = PBXFileReference; lastKnownFileType = sourcecode.swift; path = ProfileHeaderView.swift; sourceTree = "<group>"; };
/* End PBXFileReference section */

/* Begin PBXFrameworksBuildPhase section */
		9862C8D22814D89C009E08FE /* Frameworks */ = {
			isa = PBXFrameworksBuildPhase;
			buildActionMask = 2147483647;
			files = (
			);
			runOnlyForDeploymentPostprocessing = 0;
		};
/* End PBXFrameworksBuildPhase section */

/* Begin PBXGroup section */
		9862C8CC2814D89C009E08FE = {
			isa = PBXGroup;
			children = (
				9862C8D72814D89C009E08FE /* Navigation */,
				9862C8D62814D89C009E08FE /* Products */,
			);
			sourceTree = "<group>";
		};
		9862C8D62814D89C009E08FE /* Products */ = {
			isa = PBXGroup;
			children = (
				9862C8D52814D89C009E08FE /* Navigation.app */,
			);
			name = Products;
			sourceTree = "<group>";
		};
		9862C8D72814D89C009E08FE /* Navigation */ = {
			isa = PBXGroup;
			children = (
				9862C8D82814D89C009E08FE /* AppDelegate.swift */,
				9862C8DA2814D89C009E08FE /* SceneDelegate.swift */,
				9862C8F62814DCAD009E08FE /* Profile */,
				9862C8F22814DBAC009E08FE /* FeedViewController.swift */,
				9862C8F02814DB92009E08FE /* InfoViewController.swift */,
				9862C8EE2814DB73009E08FE /* PostViewController.swift */,
				9862C8EC2814DB3A009E08FE /* MainUITabBarController.swift */,
				9862C8E12814D89D009E08FE /* Assets.xcassets */,
				9862C8E32814D89D009E08FE /* LaunchScreen.storyboard */,
				9862C8E62814D89D009E08FE /* Info.plist */,
			);
			path = Navigation;
			sourceTree = "<group>";
		};
		9862C8F62814DCAD009E08FE /* Profile */ = {
			isa = PBXGroup;
			children = (
				980572D22828325E004A989B /* UIView+Extension.swift */,
				980572CE28281DEF004A989B /* PostPreview.swift */,
				980572D0282824C2004A989B /* PostPreviewViewCell.swift */,
				980572CC28281112004A989B /* ProfilePostHeaderView.swift */,
				9862C8F72814DCE6009E08FE /* ProfileHeaderView.swift */,
				9862C8F42814DBC9009E08FE /* ProfileViewController.swift */,
				983885FB282ADA3F00FE381E /* LoginViewController.swift */,
			);
			path = Profile;
			sourceTree = "<group>";
		};
/* End PBXGroup section */

/* Begin PBXNativeTarget section */
		9862C8D42814D89C009E08FE /* Navigation */ = {
			isa = PBXNativeTarget;
			buildConfigurationList = 9862C8E92814D89D009E08FE /* Build configuration list for PBXNativeTarget "Navigation" */;
			buildPhases = (
				9862C8D12814D89C009E08FE /* Sources */,
				9862C8D22814D89C009E08FE /* Frameworks */,
				9862C8D32814D89C009E08FE /* Resources */,
			);
			buildRules = (
			);
			dependencies = (
			);
			name = Navigation;
			productName = Navigation;
			productReference = 9862C8D52814D89C009E08FE /* Navigation.app */;
			productType = "com.apple.product-type.application";
		};
/* End PBXNativeTarget section */

/* Begin PBXProject section */
		9862C8CD2814D89C009E08FE /* Project object */ = {
			isa = PBXProject;
			attributes = {
				BuildIndependentTargetsInParallel = 1;
				LastSwiftUpdateCheck = 1330;
				LastUpgradeCheck = 1330;
				TargetAttributes = {
					9862C8D42814D89C009E08FE = {
						CreatedOnToolsVersion = 13.3;
					};
				};
			};
			buildConfigurationList = 9862C8D02814D89C009E08FE /* Build configuration list for PBXProject "Navigation" */;
			compatibilityVersion = "Xcode 13.0";
			developmentRegion = en;
			hasScannedForEncodings = 0;
			knownRegions = (
				en,
				Base,
			);
			mainGroup = 9862C8CC2814D89C009E08FE;
			productRefGroup = 9862C8D62814D89C009E08FE /* Products */;
			projectDirPath = "";
			projectRoot = "";
			targets = (
				9862C8D42814D89C009E08FE /* Navigation */,
			);
		};
/* End PBXProject section */

/* Begin PBXResourcesBuildPhase section */
		9862C8D32814D89C009E08FE /* Resources */ = {
			isa = PBXResourcesBuildPhase;
			buildActionMask = 2147483647;
			files = (
				9862C8E52814D89D009E08FE /* LaunchScreen.storyboard in Resources */,
				9862C8E22814D89D009E08FE /* Assets.xcassets in Resources */,
			);
			runOnlyForDeploymentPostprocessing = 0;
		};
/* End PBXResourcesBuildPhase section */

/* Begin PBXSourcesBuildPhase section */
		9862C8D12814D89C009E08FE /* Sources */ = {
			isa = PBXSourcesBuildPhase;
			buildActionMask = 2147483647;
			files = (
				9862C8EF2814DB73009E08FE /* PostViewController.swift in Sources */,
				980572CD28281112004A989B /* ProfilePostHeaderView.swift in Sources */,
				9862C8ED2814DB3A009E08FE /* MainUITabBarController.swift in Sources */,
				980572D1282824C2004A989B /* PostPreviewViewCell.swift in Sources */,
				980572CF28281DEF004A989B /* PostPreview.swift in Sources */,
				9862C8D92814D89C009E08FE /* AppDelegate.swift in Sources */,
				983885FC282ADA3F00FE381E /* LoginViewController.swift in Sources */,
				980572D32828325E004A989B /* UIView+Extension.swift in Sources */,
				9862C8DB2814D89C009E08FE /* SceneDelegate.swift in Sources */,
				9862C8F52814DBC9009E08FE /* ProfileViewController.swift in Sources */,
				9862C8F32814DBAC009E08FE /* FeedViewController.swift in Sources */,
				9862C8F12814DB92009E08FE /* InfoViewController.swift in Sources */,
				9862C8F82814DCE6009E08FE /* ProfileHeaderView.swift in Sources */,
			);
			runOnlyForDeploymentPostprocessing = 0;
		};
/* End PBXSourcesBuildPhase section */

/* Begin PBXVariantGroup section */
		9862C8E32814D89D009E08FE /* LaunchScreen.storyboard */ = {
			isa = PBXVariantGroup;
			children = (
				9862C8E42814D89D009E08FE /* Base */,
			);
			name = LaunchScreen.storyboard;
			sourceTree = "<group>";
		};
/* End PBXVariantGroup section */

/* Begin XCBuildConfiguration section */
		9862C8E72814D89D009E08FE /* Debug */ = {
			isa = XCBuildConfiguration;
			buildSettings = {
				ALWAYS_SEARCH_USER_PATHS = NO;
				CLANG_ANALYZER_NONNULL = YES;
				CLANG_ANALYZER_NUMBER_OBJECT_CONVERSION = YES_AGGRESSIVE;
				CLANG_CXX_LANGUAGE_STANDARD = "gnu++17";
				CLANG_ENABLE_MODULES = YES;
				CLANG_ENABLE_OBJC_ARC = YES;
				CLANG_ENABLE_OBJC_WEAK = YES;
				CLANG_WARN_BLOCK_CAPTURE_AUTORELEASING = YES;
				CLANG_WARN_BOOL_CONVERSION = YES;
				CLANG_WARN_COMMA = YES;
				CLANG_WARN_CONSTANT_CONVERSION = YES;
				CLANG_WARN_DEPRECATED_OBJC_IMPLEMENTATIONS = YES;
				CLANG_WARN_DIRECT_OBJC_ISA_USAGE = YES_ERROR;
				CLANG_WARN_DOCUMENTATION_COMMENTS = YES;
				CLANG_WARN_EMPTY_BODY = YES;
				CLANG_WARN_ENUM_CONVERSION = YES;
				CLANG_WARN_INFINITE_RECURSION = YES;
				CLANG_WARN_INT_CONVERSION = YES;
				CLANG_WARN_NON_LITERAL_NULL_CONVERSION = YES;
				CLANG_WARN_OBJC_IMPLICIT_RETAIN_SELF = YES;
				CLANG_WARN_OBJC_LITERAL_CONVERSION = YES;
				CLANG_WARN_OBJC_ROOT_CLASS = YES_ERROR;
				CLANG_WARN_QUOTED_INCLUDE_IN_FRAMEWORK_HEADER = YES;
				CLANG_WARN_RANGE_LOOP_ANALYSIS = YES;
				CLANG_WARN_STRICT_PROTOTYPES = YES;
				CLANG_WARN_SUSPICIOUS_MOVE = YES;
				CLANG_WARN_UNGUARDED_AVAILABILITY = YES_AGGRESSIVE;
				CLANG_WARN_UNREACHABLE_CODE = YES;
				CLANG_WARN__DUPLICATE_METHOD_MATCH = YES;
				COPY_PHASE_STRIP = NO;
				DEBUG_INFORMATION_FORMAT = dwarf;
				ENABLE_STRICT_OBJC_MSGSEND = YES;
				ENABLE_TESTABILITY = YES;
				GCC_C_LANGUAGE_STANDARD = gnu11;
				GCC_DYNAMIC_NO_PIC = NO;
				GCC_NO_COMMON_BLOCKS = YES;
				GCC_OPTIMIZATION_LEVEL = 0;
				GCC_PREPROCESSOR_DEFINITIONS = (
					"DEBUG=1",
					"$(inherited)",
				);
				GCC_WARN_64_TO_32_BIT_CONVERSION = YES;
				GCC_WARN_ABOUT_RETURN_TYPE = YES_ERROR;
				GCC_WARN_UNDECLARED_SELECTOR = YES;
				GCC_WARN_UNINITIALIZED_AUTOS = YES_AGGRESSIVE;
				GCC_WARN_UNUSED_FUNCTION = YES;
				GCC_WARN_UNUSED_VARIABLE = YES;
				IPHONEOS_DEPLOYMENT_TARGET = 15.4;
				MTL_ENABLE_DEBUG_INFO = INCLUDE_SOURCE;
				MTL_FAST_MATH = YES;
				ONLY_ACTIVE_ARCH = YES;
				SDKROOT = iphoneos;
				SWIFT_ACTIVE_COMPILATION_CONDITIONS = DEBUG;
				SWIFT_OPTIMIZATION_LEVEL = "-Onone";
			};
			name = Debug;
		};
		9862C8E82814D89D009E08FE /* Release */ = {
			isa = XCBuildConfiguration;
			buildSettings = {
				ALWAYS_SEARCH_USER_PATHS = NO;
				CLANG_ANALYZER_NONNULL = YES;
				CLANG_ANALYZER_NUMBER_OBJECT_CONVERSION = YES_AGGRESSIVE;
				CLANG_CXX_LANGUAGE_STANDARD = "gnu++17";
				CLANG_ENABLE_MODULES = YES;
				CLANG_ENABLE_OBJC_ARC = YES;
				CLANG_ENABLE_OBJC_WEAK = YES;
				CLANG_WARN_BLOCK_CAPTURE_AUTORELEASING = YES;
				CLANG_WARN_BOOL_CONVERSION = YES;
				CLANG_WARN_COMMA = YES;
				CLANG_WARN_CONSTANT_CONVERSION = YES;
				CLANG_WARN_DEPRECATED_OBJC_IMPLEMENTATIONS = YES;
				CLANG_WARN_DIRECT_OBJC_ISA_USAGE = YES_ERROR;
				CLANG_WARN_DOCUMENTATION_COMMENTS = YES;
				CLANG_WARN_EMPTY_BODY = YES;
				CLANG_WARN_ENUM_CONVERSION = YES;
				CLANG_WARN_INFINITE_RECURSION = YES;
				CLANG_WARN_INT_CONVERSION = YES;
				CLANG_WARN_NON_LITERAL_NULL_CONVERSION = YES;
				CLANG_WARN_OBJC_IMPLICIT_RETAIN_SELF = YES;
				CLANG_WARN_OBJC_LITERAL_CONVERSION = YES;
				CLANG_WARN_OBJC_ROOT_CLASS = YES_ERROR;
				CLANG_WARN_QUOTED_INCLUDE_IN_FRAMEWORK_HEADER = YES;
				CLANG_WARN_RANGE_LOOP_ANALYSIS = YES;
				CLANG_WARN_STRICT_PROTOTYPES = YES;
				CLANG_WARN_SUSPICIOUS_MOVE = YES;
				CLANG_WARN_UNGUARDED_AVAILABILITY = YES_AGGRESSIVE;
				CLANG_WARN_UNREACHABLE_CODE = YES;
				CLANG_WARN__DUPLICATE_METHOD_MATCH = YES;
				COPY_PHASE_STRIP = NO;
				DEBUG_INFORMATION_FORMAT = "dwarf-with-dsym";
				ENABLE_NS_ASSERTIONS = NO;
				ENABLE_STRICT_OBJC_MSGSEND = YES;
				GCC_C_LANGUAGE_STANDARD = gnu11;
				GCC_NO_COMMON_BLOCKS = YES;
				GCC_WARN_64_TO_32_BIT_CONVERSION = YES;
				GCC_WARN_ABOUT_RETURN_TYPE = YES_ERROR;
				GCC_WARN_UNDECLARED_SELECTOR = YES;
				GCC_WARN_UNINITIALIZED_AUTOS = YES_AGGRESSIVE;
				GCC_WARN_UNUSED_FUNCTION = YES;
				GCC_WARN_UNUSED_VARIABLE = YES;
				IPHONEOS_DEPLOYMENT_TARGET = 15.4;
				MTL_ENABLE_DEBUG_INFO = NO;
				MTL_FAST_MATH = YES;
				SDKROOT = iphoneos;
				SWIFT_COMPILATION_MODE = wholemodule;
				SWIFT_OPTIMIZATION_LEVEL = "-O";
				VALIDATE_PRODUCT = YES;
			};
			name = Release;
		};
		9862C8EA2814D89D009E08FE /* Debug */ = {
			isa = XCBuildConfiguration;
			buildSettings = {
				ASSETCATALOG_COMPILER_APPICON_NAME = AppIcon;
				ASSETCATALOG_COMPILER_GLOBAL_ACCENT_COLOR_NAME = AccentColor;
				CODE_SIGN_STYLE = Automatic;
				CURRENT_PROJECT_VERSION = 1;
				DEVELOPMENT_TEAM = MZQV3J99G6;
				GENERATE_INFOPLIST_FILE = YES;
				INFOPLIST_FILE = Navigation/Info.plist;
				INFOPLIST_KEY_UIApplicationSupportsIndirectInputEvents = YES;
				INFOPLIST_KEY_UILaunchStoryboardName = LaunchScreen;
				INFOPLIST_KEY_UISupportedInterfaceOrientations_iPad = "UIInterfaceOrientationPortrait UIInterfaceOrientationPortraitUpsideDown UIInterfaceOrientationLandscapeLeft UIInterfaceOrientationLandscapeRight";
				INFOPLIST_KEY_UISupportedInterfaceOrientations_iPhone = "UIInterfaceOrientationPortrait UIInterfaceOrientationLandscapeLeft UIInterfaceOrientationLandscapeRight";
				LD_RUNPATH_SEARCH_PATHS = (
					"$(inherited)",
					"@executable_path/Frameworks",
				);
				MARKETING_VERSION = 1.0;
				PRODUCT_BUNDLE_IDENTIFIER = "Netology-IB.Navigation";
				PRODUCT_NAME = "$(TARGET_NAME)";
				SWIFT_EMIT_LOC_STRINGS = YES;
				SWIFT_VERSION = 5.0;
				TARGETED_DEVICE_FAMILY = "1,2";
			};
			name = Debug;
		};
		9862C8EB2814D89D009E08FE /* Release */ = {
			isa = XCBuildConfiguration;
			buildSettings = {
				ASSETCATALOG_COMPILER_APPICON_NAME = AppIcon;
				ASSETCATALOG_COMPILER_GLOBAL_ACCENT_COLOR_NAME = AccentColor;
				CODE_SIGN_STYLE = Automatic;
				CURRENT_PROJECT_VERSION = 1;
				DEVELOPMENT_TEAM = MZQV3J99G6;
				GENERATE_INFOPLIST_FILE = YES;
				INFOPLIST_FILE = Navigation/Info.plist;
				INFOPLIST_KEY_UIApplicationSupportsIndirectInputEvents = YES;
				INFOPLIST_KEY_UILaunchStoryboardName = LaunchScreen;
				INFOPLIST_KEY_UISupportedInterfaceOrientations_iPad = "UIInterfaceOrientationPortrait UIInterfaceOrientationPortraitUpsideDown UIInterfaceOrientationLandscapeLeft UIInterfaceOrientationLandscapeRight";
				INFOPLIST_KEY_UISupportedInterfaceOrientations_iPhone = "UIInterfaceOrientationPortrait UIInterfaceOrientationLandscapeLeft UIInterfaceOrientationLandscapeRight";
				LD_RUNPATH_SEARCH_PATHS = (
					"$(inherited)",
					"@executable_path/Frameworks",
				);
				MARKETING_VERSION = 1.0;
				PRODUCT_BUNDLE_IDENTIFIER = "Netology-IB.Navigation";
				PRODUCT_NAME = "$(TARGET_NAME)";
				SWIFT_EMIT_LOC_STRINGS = YES;
				SWIFT_VERSION = 5.0;
				TARGETED_DEVICE_FAMILY = "1,2";
			};
			name = Release;
		};
/* End XCBuildConfiguration section */

/* Begin XCConfigurationList section */
		9862C8D02814D89C009E08FE /* Build configuration list for PBXProject "Navigation" */ = {
			isa = XCConfigurationList;
			buildConfigurations = (
				9862C8E72814D89D009E08FE /* Debug */,
				9862C8E82814D89D009E08FE /* Release */,
			);
			defaultConfigurationIsVisible = 0;
			defaultConfigurationName = Release;
		};
		9862C8E92814D89D009E08FE /* Build configuration list for PBXNativeTarget "Navigation" */ = {
			isa = XCConfigurationList;
			buildConfigurations = (
				9862C8EA2814D89D009E08FE /* Debug */,
				9862C8EB2814D89D009E08FE /* Release */,
			);
			defaultConfigurationIsVisible = 0;
			defaultConfigurationName = Release;
		};
/* End XCConfigurationList section */
	};
	rootObject = 9862C8CD2814D89C009E08FE /* Project object */;
}
